
Microsoft Visual Studio Solution File, Format Version 12.00
# Visual Studio Version 16
VisualStudioVersion = 16.0.32510.428
MinimumVisualStudioVersion = 10.0.40219.1
Project("{FAE04EC0-301F-11D3-BF4B-00C04F79EFBC}") = "juego", "juego\juego.csproj", "{3BEE72AE-CAD1-4100-96E7-8F6CE3234BF7}"
EndProject
Project("{FAE04EC0-301F-11D3-BF4B-00C04F79EFBC}") = "DTO", "DTO\DTO.csproj", "{7DD43096-D247-46C7-9BA8-DFB65D44C8D8}"
EndProject
Project("{FAE04EC0-301F-11D3-BF4B-00C04F79EFBC}") = "Entity", "Entity\Entity.csproj", "{F6ED7077-B9BB-4960-B7E2-FF223B4D7152}"
EndProject
Global
	GlobalSection(SolutionConfigurationPlatforms) = preSolution
		Debug|Any CPU = Debug|Any CPU
		Release|Any CPU = Release|Any CPU
	EndGlobalSection
	GlobalSection(ProjectConfigurationPlatforms) = postSolution
		{3BEE72AE-CAD1-4100-96E7-8F6CE3234BF7}.Debug|Any CPU.ActiveCfg = Debug|Any CPU
		{3BEE72AE-CAD1-4100-96E7-8F6CE3234BF7}.Debug|Any CPU.Build.0 = Debug|Any CPU
		{3BEE72AE-CAD1-4100-96E7-8F6CE3234BF7}.Release|Any CPU.ActiveCfg = Release|Any CPU
		{3BEE72AE-CAD1-4100-96E7-8F6CE3234BF7}.Release|Any CPU.Build.0 = Release|Any CPU
		{7DD43096-D247-46C7-9BA8-DFB65D44C8D8}.Debug|Any CPU.ActiveCfg = Debug|Any CPU
		{7DD43096-D247-46C7-9BA8-DFB65D44C8D8}.Debug|Any CPU.Build.0 = Debug|Any CPU
		{7DD43096-D247-46C7-9BA8-DFB65D44C8D8}.Release|Any CPU.ActiveCfg = Release|Any CPU
		{7DD43096-D247-46C7-9BA8-DFB65D44C8D8}.Release|Any CPU.Build.0 = Release|Any CPU
		{F6ED7077-B9BB-4960-B7E2-FF223B4D7152}.Debug|Any CPU.ActiveCfg = Debug|Any CPU
		{F6ED7077-B9BB-4960-B7E2-FF223B4D7152}.Debug|Any CPU.Build.0 = Debug|Any CPU
		{F6ED7077-B9BB-4960-B7E2-FF223B4D7152}.Release|Any CPU.ActiveCfg = Release|Any CPU
		{F6ED7077-B9BB-4960-B7E2-FF223B4D7152}.Release|Any CPU.Build.0 = Release|Any CPU
	EndGlobalSection
	GlobalSection(SolutionProperties) = preSolution
		HideSolutionNode = FALSE
	EndGlobalSection
	GlobalSection(ExtensibilityGlobals) = postSolution
		SolutionGuid = {47FD2FA4-2230-4176-8A95-E0F7D3C9BBDA}
	EndGlobalSection
EndGlobal
